
Microsoft Visual Studio Solution File, Format Version 12.00
# Visual Studio Version 17
VisualStudioVersion = 17.5.002.0
MinimumVisualStudioVersion = 10.0.40219.1
Project("{2150E333-8FDC-42A3-9474-1A3956D46DE8}") = "Services", "Services", "{96537663-CE31-4E69-B6AC-C5827A6D905D}"
EndProject
Project("{9A19103F-16F7-4668-BE54-9A1E7A4F7556}") = "CompanyAPI", "Services\CompanyAPI\CompanyAPI.csproj", "{368DEF67-F8CB-4EA3-B81A-A5ABB6924D35}"
EndProject
Project("{9A19103F-16F7-4668-BE54-9A1E7A4F7556}") = "DJHostGateway", "Services\DJHostGateway\DJHostGateway.csproj", "{A448696E-6F51-4412-B773-B3EB7DE5E915}"
EndProject
Project("{9A19103F-16F7-4668-BE54-9A1E7A4F7556}") = "DocumentsAPI", "Services\DocumentsAPI\DocumentsAPI.csproj", "{13C8AEE5-579D-4784-B34B-1218B2082B7D}"
EndProject
Project("{9A19103F-16F7-4668-BE54-9A1E7A4F7556}") = "EquipmentAPI", "Services\EquipmentAPI\EquipmentAPI.csproj", "{275D0C11-B7E5-403C-BCB6-3D0612B92765}"
EndProject
Project("{9A19103F-16F7-4668-BE54-9A1E7A4F7556}") = "IdentityAPI", "Services\IdentityAPI\IdentityAPI.csproj", "{0733A59B-8006-47FA-A3A4-09ABFEF0DF59}"
EndProject
Project("{9A19103F-16F7-4668-BE54-9A1E7A4F7556}") = "MusicAPI", "Services\MusicAPI\MusicAPI.csproj", "{E7BBAD45-5F1A-4CD2-97A1-A1ECF68D347E}"
EndProject
Project("{9A19103F-16F7-4668-BE54-9A1E7A4F7556}") = "PartyAPI", "Services\PartyAPI\PartyAPI.csproj", "{D15EBCE8-2A46-4FF4-A850-0CA4F9529489}"
EndProject
Project("{FAE04EC0-301F-11D3-BF4B-00C04F79EFBC}") = "Shared", "Services\Shared\Shared.csproj", "{99032E59-CD67-4F05-AF4B-2E4D45AA2704}"
EndProject
Project("{FAE04EC0-301F-11D3-BF4B-00C04F79EFBC}") = "MailingAPI", "Services\MailingAPI\MailingAPI.csproj", "{126DE4E4-FD84-429F-8570-DBA3AEBB89A3}"
EndProject
Project("{2150E333-8FDC-42A3-9474-1A3956D46DE8}") = "Tests", "Tests", "{E9683989-D3E1-4297-B043-437655491465}"
EndProject
Project("{FAE04EC0-301F-11D3-BF4B-00C04F79EFBC}") = "CompanyAPI.Tests", "Tests\CompanyAPI.Tests\CompanyAPI.Tests.csproj", "{B6555AB3-CA14-4415-97E8-7749B6C91DCE}"
EndProject
Project("{FAE04EC0-301F-11D3-BF4B-00C04F79EFBC}") = "DJHostGateway.Tests", "Tests\DJHostGateway.Tests\DJHostGateway.Tests.csproj", "{4921DE0F-61F3-430D-B354-F132310575A4}"
EndProject
Project("{FAE04EC0-301F-11D3-BF4B-00C04F79EFBC}") = "DocumentsAPI.Tests", "Tests\DocumentsAPI.Tests\DocumentsAPI.Tests.csproj", "{4688617A-98D4-4B0B-8B4D-290228D6DCB6}"
EndProject
Project("{FAE04EC0-301F-11D3-BF4B-00C04F79EFBC}") = "EquipmentAPI.Tests", "Tests\EquipmentAPI.Tests\EquipmentAPI.Tests.csproj", "{6265285C-53D1-411A-90B1-86FC84DE6628}"
EndProject
Project("{FAE04EC0-301F-11D3-BF4B-00C04F79EFBC}") = "IdentityAPI.Tests", "Tests\IdentityAPI.Tests\IdentityAPI.Tests.csproj", "{AC10D079-837A-46F2-825A-F551E52CA1E1}"
EndProject
Project("{FAE04EC0-301F-11D3-BF4B-00C04F79EFBC}") = "MailingAPI.Tests", "Tests\MailingAPI.Tests\MailingAPI.Tests.csproj", "{55DAD5B5-4253-400E-B3A4-71FB974AC20A}"
EndProject
Project("{FAE04EC0-301F-11D3-BF4B-00C04F79EFBC}") = "MusicAPI.Tests", "Tests\MusicAPI.Tests\MusicAPI.Tests.csproj", "{12410FFA-AEC7-4521-B0B6-592D07C785AB}"
EndProject
Project("{FAE04EC0-301F-11D3-BF4B-00C04F79EFBC}") = "PartyAPI.Tests", "Tests\PartyAPI.Tests\PartyAPI.Tests.csproj", "{A3ECA1BE-6DD2-47EE-AAAB-109E42B6E3D6}"
EndProject
Project("{2150E333-8FDC-42A3-9474-1A3956D46DE8}") = "Frontends", "Frontends", "{02EA681E-C7D8-13C7-8484-4AC65E1B71E8}"
EndProject
Project("{2150E333-8FDC-42A3-9474-1A3956D46DE8}") = "Docker", "Docker", "{76C079DD-74C7-47A2-BA32-86182E15D196}"
	ProjectSection(SolutionItems) = preProject
		Docker\.gitignore = Docker\.gitignore
		Docker\dj-panel-composer.yml = Docker\dj-panel-composer.yml
		Docker\microfrontend.Dockerfile = Docker\microfrontend.Dockerfile
		Docker\microservice.Dockerfile = Docker\microservice.Dockerfile
		Docker\README.md = Docker\README.md
	EndProjectSection
EndProject
Project("{54A90642-561A-4BB1-A94E-469ADEE60C69}") = "dj-panel", "Frontends\dj-panel\dj-panel.esproj", "{579D293D-D5CF-2E9B-D278-52A4CF987DFD}"
EndProject
Project("{2150E333-8FDC-42A3-9474-1A3956D46DE8}") = "Solution Items", "Solution Items", "{8EC462FD-D22E-90A8-E5CE-7E832BA40C5D}"
	ProjectSection(SolutionItems) = preProject
		.gitignore = .gitignore
		.gitpod.Dockerfile = .gitpod.Dockerfile
		.gitpod.yml = .gitpod.yml
		README.md = README.md
		run-chat.bat = run-chat.bat
		run-chat.sh = run-chat.sh
		run-dj-panel.bat = run-dj-panel.bat
		run-dj-panel.sh = run-dj-panel.sh
	EndProjectSection
EndProject
Global
	GlobalSection(SolutionConfigurationPlatforms) = preSolution
		Debug|Any CPU = Debug|Any CPU
		Release|Any CPU = Release|Any CPU
	EndGlobalSection
	GlobalSection(ProjectConfigurationPlatforms) = postSolution
		{368DEF67-F8CB-4EA3-B81A-A5ABB6924D35}.Debug|Any CPU.ActiveCfg = Debug|Any CPU
		{368DEF67-F8CB-4EA3-B81A-A5ABB6924D35}.Debug|Any CPU.Build.0 = Debug|Any CPU
		{368DEF67-F8CB-4EA3-B81A-A5ABB6924D35}.Release|Any CPU.ActiveCfg = Release|Any CPU
		{368DEF67-F8CB-4EA3-B81A-A5ABB6924D35}.Release|Any CPU.Build.0 = Release|Any CPU
		{A448696E-6F51-4412-B773-B3EB7DE5E915}.Debug|Any CPU.ActiveCfg = Debug|Any CPU
		{A448696E-6F51-4412-B773-B3EB7DE5E915}.Debug|Any CPU.Build.0 = Debug|Any CPU
		{A448696E-6F51-4412-B773-B3EB7DE5E915}.Release|Any CPU.ActiveCfg = Release|Any CPU
		{A448696E-6F51-4412-B773-B3EB7DE5E915}.Release|Any CPU.Build.0 = Release|Any CPU
		{13C8AEE5-579D-4784-B34B-1218B2082B7D}.Debug|Any CPU.ActiveCfg = Debug|Any CPU
		{13C8AEE5-579D-4784-B34B-1218B2082B7D}.Debug|Any CPU.Build.0 = Debug|Any CPU
		{13C8AEE5-579D-4784-B34B-1218B2082B7D}.Release|Any CPU.ActiveCfg = Release|Any CPU
		{13C8AEE5-579D-4784-B34B-1218B2082B7D}.Release|Any CPU.Build.0 = Release|Any CPU
		{275D0C11-B7E5-403C-BCB6-3D0612B92765}.Debug|Any CPU.ActiveCfg = Debug|Any CPU
		{275D0C11-B7E5-403C-BCB6-3D0612B92765}.Debug|Any CPU.Build.0 = Debug|Any CPU
		{275D0C11-B7E5-403C-BCB6-3D0612B92765}.Release|Any CPU.ActiveCfg = Release|Any CPU
		{275D0C11-B7E5-403C-BCB6-3D0612B92765}.Release|Any CPU.Build.0 = Release|Any CPU
		{0733A59B-8006-47FA-A3A4-09ABFEF0DF59}.Debug|Any CPU.ActiveCfg = Debug|Any CPU
		{0733A59B-8006-47FA-A3A4-09ABFEF0DF59}.Debug|Any CPU.Build.0 = Debug|Any CPU
		{0733A59B-8006-47FA-A3A4-09ABFEF0DF59}.Release|Any CPU.ActiveCfg = Release|Any CPU
		{0733A59B-8006-47FA-A3A4-09ABFEF0DF59}.Release|Any CPU.Build.0 = Release|Any CPU
		{E7BBAD45-5F1A-4CD2-97A1-A1ECF68D347E}.Debug|Any CPU.ActiveCfg = Debug|Any CPU
		{E7BBAD45-5F1A-4CD2-97A1-A1ECF68D347E}.Debug|Any CPU.Build.0 = Debug|Any CPU
		{E7BBAD45-5F1A-4CD2-97A1-A1ECF68D347E}.Release|Any CPU.ActiveCfg = Release|Any CPU
		{E7BBAD45-5F1A-4CD2-97A1-A1ECF68D347E}.Release|Any CPU.Build.0 = Release|Any CPU
		{D15EBCE8-2A46-4FF4-A850-0CA4F9529489}.Debug|Any CPU.ActiveCfg = Debug|Any CPU
		{D15EBCE8-2A46-4FF4-A850-0CA4F9529489}.Debug|Any CPU.Build.0 = Debug|Any CPU
		{D15EBCE8-2A46-4FF4-A850-0CA4F9529489}.Release|Any CPU.ActiveCfg = Release|Any CPU
		{D15EBCE8-2A46-4FF4-A850-0CA4F9529489}.Release|Any CPU.Build.0 = Release|Any CPU
		{99032E59-CD67-4F05-AF4B-2E4D45AA2704}.Debug|Any CPU.ActiveCfg = Debug|Any CPU
		{99032E59-CD67-4F05-AF4B-2E4D45AA2704}.Debug|Any CPU.Build.0 = Debug|Any CPU
		{99032E59-CD67-4F05-AF4B-2E4D45AA2704}.Release|Any CPU.ActiveCfg = Release|Any CPU
		{99032E59-CD67-4F05-AF4B-2E4D45AA2704}.Release|Any CPU.Build.0 = Release|Any CPU
		{126DE4E4-FD84-429F-8570-DBA3AEBB89A3}.Debug|Any CPU.ActiveCfg = Debug|Any CPU
		{126DE4E4-FD84-429F-8570-DBA3AEBB89A3}.Debug|Any CPU.Build.0 = Debug|Any CPU
		{126DE4E4-FD84-429F-8570-DBA3AEBB89A3}.Release|Any CPU.ActiveCfg = Release|Any CPU
		{126DE4E4-FD84-429F-8570-DBA3AEBB89A3}.Release|Any CPU.Build.0 = Release|Any CPU
		{B6555AB3-CA14-4415-97E8-7749B6C91DCE}.Debug|Any CPU.ActiveCfg = Debug|Any CPU
		{B6555AB3-CA14-4415-97E8-7749B6C91DCE}.Debug|Any CPU.Build.0 = Debug|Any CPU
		{B6555AB3-CA14-4415-97E8-7749B6C91DCE}.Release|Any CPU.ActiveCfg = Release|Any CPU
		{B6555AB3-CA14-4415-97E8-7749B6C91DCE}.Release|Any CPU.Build.0 = Release|Any CPU
		{4921DE0F-61F3-430D-B354-F132310575A4}.Debug|Any CPU.ActiveCfg = Debug|Any CPU
		{4921DE0F-61F3-430D-B354-F132310575A4}.Debug|Any CPU.Build.0 = Debug|Any CPU
		{4921DE0F-61F3-430D-B354-F132310575A4}.Release|Any CPU.ActiveCfg = Release|Any CPU
		{4921DE0F-61F3-430D-B354-F132310575A4}.Release|Any CPU.Build.0 = Release|Any CPU
		{4688617A-98D4-4B0B-8B4D-290228D6DCB6}.Debug|Any CPU.ActiveCfg = Debug|Any CPU
		{4688617A-98D4-4B0B-8B4D-290228D6DCB6}.Debug|Any CPU.Build.0 = Debug|Any CPU
		{4688617A-98D4-4B0B-8B4D-290228D6DCB6}.Release|Any CPU.ActiveCfg = Release|Any CPU
		{4688617A-98D4-4B0B-8B4D-290228D6DCB6}.Release|Any CPU.Build.0 = Release|Any CPU
		{6265285C-53D1-411A-90B1-86FC84DE6628}.Debug|Any CPU.ActiveCfg = Debug|Any CPU
		{6265285C-53D1-411A-90B1-86FC84DE6628}.Debug|Any CPU.Build.0 = Debug|Any CPU
		{6265285C-53D1-411A-90B1-86FC84DE6628}.Release|Any CPU.ActiveCfg = Release|Any CPU
		{6265285C-53D1-411A-90B1-86FC84DE6628}.Release|Any CPU.Build.0 = Release|Any CPU
		{AC10D079-837A-46F2-825A-F551E52CA1E1}.Debug|Any CPU.ActiveCfg = Debug|Any CPU
		{AC10D079-837A-46F2-825A-F551E52CA1E1}.Debug|Any CPU.Build.0 = Debug|Any CPU
		{AC10D079-837A-46F2-825A-F551E52CA1E1}.Release|Any CPU.ActiveCfg = Release|Any CPU
		{AC10D079-837A-46F2-825A-F551E52CA1E1}.Release|Any CPU.Build.0 = Release|Any CPU
		{55DAD5B5-4253-400E-B3A4-71FB974AC20A}.Debug|Any CPU.ActiveCfg = Debug|Any CPU
		{55DAD5B5-4253-400E-B3A4-71FB974AC20A}.Debug|Any CPU.Build.0 = Debug|Any CPU
		{55DAD5B5-4253-400E-B3A4-71FB974AC20A}.Release|Any CPU.ActiveCfg = Release|Any CPU
		{55DAD5B5-4253-400E-B3A4-71FB974AC20A}.Release|Any CPU.Build.0 = Release|Any CPU
		{12410FFA-AEC7-4521-B0B6-592D07C785AB}.Debug|Any CPU.ActiveCfg = Debug|Any CPU
		{12410FFA-AEC7-4521-B0B6-592D07C785AB}.Debug|Any CPU.Build.0 = Debug|Any CPU
		{12410FFA-AEC7-4521-B0B6-592D07C785AB}.Release|Any CPU.ActiveCfg = Release|Any CPU
		{12410FFA-AEC7-4521-B0B6-592D07C785AB}.Release|Any CPU.Build.0 = Release|Any CPU
		{A3ECA1BE-6DD2-47EE-AAAB-109E42B6E3D6}.Debug|Any CPU.ActiveCfg = Debug|Any CPU
		{A3ECA1BE-6DD2-47EE-AAAB-109E42B6E3D6}.Debug|Any CPU.Build.0 = Debug|Any CPU
		{A3ECA1BE-6DD2-47EE-AAAB-109E42B6E3D6}.Release|Any CPU.ActiveCfg = Release|Any CPU
		{A3ECA1BE-6DD2-47EE-AAAB-109E42B6E3D6}.Release|Any CPU.Build.0 = Release|Any CPU
		{579D293D-D5CF-2E9B-D278-52A4CF987DFD}.Debug|Any CPU.ActiveCfg = Debug|Any CPU
		{579D293D-D5CF-2E9B-D278-52A4CF987DFD}.Debug|Any CPU.Build.0 = Debug|Any CPU
		{579D293D-D5CF-2E9B-D278-52A4CF987DFD}.Debug|Any CPU.Deploy.0 = Debug|Any CPU
		{579D293D-D5CF-2E9B-D278-52A4CF987DFD}.Release|Any CPU.ActiveCfg = Release|Any CPU
		{579D293D-D5CF-2E9B-D278-52A4CF987DFD}.Release|Any CPU.Build.0 = Release|Any CPU
		{579D293D-D5CF-2E9B-D278-52A4CF987DFD}.Release|Any CPU.Deploy.0 = Release|Any CPU
	EndGlobalSection
	GlobalSection(SolutionProperties) = preSolution
		HideSolutionNode = FALSE
	EndGlobalSection
	GlobalSection(NestedProjects) = preSolution
		{368DEF67-F8CB-4EA3-B81A-A5ABB6924D35} = {96537663-CE31-4E69-B6AC-C5827A6D905D}
		{A448696E-6F51-4412-B773-B3EB7DE5E915} = {96537663-CE31-4E69-B6AC-C5827A6D905D}
		{13C8AEE5-579D-4784-B34B-1218B2082B7D} = {96537663-CE31-4E69-B6AC-C5827A6D905D}
		{275D0C11-B7E5-403C-BCB6-3D0612B92765} = {96537663-CE31-4E69-B6AC-C5827A6D905D}
		{0733A59B-8006-47FA-A3A4-09ABFEF0DF59} = {96537663-CE31-4E69-B6AC-C5827A6D905D}
		{E7BBAD45-5F1A-4CD2-97A1-A1ECF68D347E} = {96537663-CE31-4E69-B6AC-C5827A6D905D}
		{D15EBCE8-2A46-4FF4-A850-0CA4F9529489} = {96537663-CE31-4E69-B6AC-C5827A6D905D}
		{99032E59-CD67-4F05-AF4B-2E4D45AA2704} = {96537663-CE31-4E69-B6AC-C5827A6D905D}
		{126DE4E4-FD84-429F-8570-DBA3AEBB89A3} = {96537663-CE31-4E69-B6AC-C5827A6D905D}
		{B6555AB3-CA14-4415-97E8-7749B6C91DCE} = {E9683989-D3E1-4297-B043-437655491465}
		{4921DE0F-61F3-430D-B354-F132310575A4} = {E9683989-D3E1-4297-B043-437655491465}
		{4688617A-98D4-4B0B-8B4D-290228D6DCB6} = {E9683989-D3E1-4297-B043-437655491465}
		{6265285C-53D1-411A-90B1-86FC84DE6628} = {E9683989-D3E1-4297-B043-437655491465}
		{AC10D079-837A-46F2-825A-F551E52CA1E1} = {E9683989-D3E1-4297-B043-437655491465}
		{55DAD5B5-4253-400E-B3A4-71FB974AC20A} = {E9683989-D3E1-4297-B043-437655491465}
		{12410FFA-AEC7-4521-B0B6-592D07C785AB} = {E9683989-D3E1-4297-B043-437655491465}
		{A3ECA1BE-6DD2-47EE-AAAB-109E42B6E3D6} = {E9683989-D3E1-4297-B043-437655491465}
		{579D293D-D5CF-2E9B-D278-52A4CF987DFD} = {02EA681E-C7D8-13C7-8484-4AC65E1B71E8}
	EndGlobalSection
	GlobalSection(ExtensibilityGlobals) = postSolution
		SolutionGuid = {47854BF4-D22C-4EF3-8398-8009B4DDAFBD}
	EndGlobalSection
EndGlobal
